{
  "name": "js",
  "lockfileVersion": 2,
  "requires": true,
  "packages": {
    "": {
      "dependencies": {
        "onnxruntime-node": "^1.12.0"
      }
    },
    "node_modules/onnxruntime-common": {
      "version": "1.12.0",
      "resolved": "https://registry.npmjs.org/onnxruntime-common/-/onnxruntime-common-1.12.0.tgz",
      "integrity": "sha512-ZoaY615YGmT2m1LkIY0pZB8Hj5y6dWsOaE+chRpQfg5ekrIW2N5UB4L3hlgX8pXoIIpatTJXfh9ZdVCU/HI5eA=="
    },
    "node_modules/onnxruntime-node": {
      "version": "1.12.0",
      "resolved": "https://registry.npmjs.org/onnxruntime-node/-/onnxruntime-node-1.12.0.tgz",
      "integrity": "sha512-pivJTB4yXbGZiPOYr5rITF9tR+ERWAOlnC5Fcc4JHbF40w6wAOaiZHAZW4bbv9Y6Cfhz6B9Vn5i++vm1yKnRZw==",
      "os": [
        "win32",
        "darwin",
        "linux"
      ],
      "dependencies": {
        "onnxruntime-common": "~1.12.0"
      }
    }
  },
  "dependencies": {
    "onnxruntime-common": {
      "version": "1.12.0",
      "resolved": "https://registry.npmjs.org/onnxruntime-common/-/onnxruntime-common-1.12.0.tgz",
      "integrity": "sha512-ZoaY615YGmT2m1LkIY0pZB8Hj5y6dWsOaE+chRpQfg5ekrIW2N5UB4L3hlgX8pXoIIpatTJXfh9ZdVCU/HI5eA=="
    },
    "onnxruntime-node": {
      "version": "1.12.0",
      "resolved": "https://registry.npmjs.org/onnxruntime-node/-/onnxruntime-node-1.12.0.tgz",
      "integrity": "sha512-pivJTB4yXbGZiPOYr5rITF9tR+ERWAOlnC5Fcc4JHbF40w6wAOaiZHAZW4bbv9Y6Cfhz6B9Vn5i++vm1yKnRZw==",
      "requires": {
        "onnxruntime-common": "~1.12.0"
      }
    }
  }
}
